
Microsoft Visual Studio Solution File, Format Version 12.00
# Visual Studio Version 17
VisualStudioVersion = 17.10.35013.160
MinimumVisualStudioVersion = 10.0.40219.1
Project("{FAE04EC0-301F-11D3-BF4B-00C04F79EFBC}") = "WebApplication1", "WebApplication1\WebApplication1.csproj", "{597B7BA8-3FE5-46B5-AA0E-DBBC8AC74ECE}"
EndProject
Global
	GlobalSection(SolutionConfigurationPlatforms) = preSolution
		Debug|Any CPU = Debug|Any CPU
		Release|Any CPU = Release|Any CPU
	EndGlobalSection
	GlobalSection(ProjectConfigurationPlatforms) = postSolution
		{597B7BA8-3FE5-46B5-AA0E-DBBC8AC74ECE}.Debug|Any CPU.ActiveCfg = Debug|Any CPU
		{597B7BA8-3FE5-46B5-AA0E-DBBC8AC74ECE}.Debug|Any CPU.Build.0 = Debug|Any CPU
		{597B7BA8-3FE5-46B5-AA0E-DBBC8AC74ECE}.Release|Any CPU.ActiveCfg = Release|Any CPU
		{597B7BA8-3FE5-46B5-AA0E-DBBC8AC74ECE}.Release|Any CPU.Build.0 = Release|Any CPU
	EndGlobalSection
	GlobalSection(SolutionProperties) = preSolution
		HideSolutionNode = FALSE
	EndGlobalSection
	GlobalSection(ExtensibilityGlobals) = postSolution
		SolutionGuid = {64009E51-2C2E-4B73-A740-79CAC0DC343F}
	EndGlobalSection
EndGlobal
